// !$*UTF8*$!
{
	archiveVersion = 1;
	classes = {
	};
	objectVersion = 50;
	objects = {

/* Begin PBXBuildFile section */
		3A40EBF225DB7D83007EF25D /* MonthYearPicker.swift in Sources */ = {isa = PBXBuildFile; fileRef = 3A40EBF125DB7D83007EF25D /* MonthYearPicker.swift */; };
		3A40EC3E25DE1759007EF25D /* UITextField+Extension.swift in Sources */ = {isa = PBXBuildFile; fileRef = 3A40EC3D25DE1759007EF25D /* UITextField+Extension.swift */; };
		3A49889625D36ED10048DA71 /* AppDelegate.swift in Sources */ = {isa = PBXBuildFile; fileRef = 3A49889525D36ED10048DA71 /* AppDelegate.swift */; };
		3A49889825D36ED10048DA71 /* SceneDelegate.swift in Sources */ = {isa = PBXBuildFile; fileRef = 3A49889725D36ED10048DA71 /* SceneDelegate.swift */; };
		3A49889A25D36ED10048DA71 /* PaymentDataViewController.swift in Sources */ = {isa = PBXBuildFile; fileRef = 3A49889925D36ED10048DA71 /* PaymentDataViewController.swift */; };
		3A49889D25D36ED10048DA71 /* Main.storyboard in Resources */ = {isa = PBXBuildFile; fileRef = 3A49889B25D36ED10048DA71 /* Main.storyboard */; };
		3A49889F25D36ED40048DA71 /* Assets.xcassets in Resources */ = {isa = PBXBuildFile; fileRef = 3A49889E25D36ED40048DA71 /* Assets.xcassets */; };
		3A4988A225D36ED40048DA71 /* LaunchScreen.storyboard in Resources */ = {isa = PBXBuildFile; fileRef = 3A4988A025D36ED40048DA71 /* LaunchScreen.storyboard */; };
		3AB8067D25D5D50400B976F2 /* PayPalViewController.swift in Sources */ = {isa = PBXBuildFile; fileRef = 3AB8067B25D5D50400B976F2 /* PayPalViewController.swift */; };
		3AB8067E25D5D50400B976F2 /* PayPalViewController.xib in Resources */ = {isa = PBXBuildFile; fileRef = 3AB8067C25D5D50400B976F2 /* PayPalViewController.xib */; };
		3AB8068225D5D51B00B976F2 /* CreditCardViewController.swift in Sources */ = {isa = PBXBuildFile; fileRef = 3AB8068025D5D51B00B976F2 /* CreditCardViewController.swift */; };
		3AB8068325D5D51B00B976F2 /* CreditCardViewController.xib in Resources */ = {isa = PBXBuildFile; fileRef = 3AB8068125D5D51B00B976F2 /* CreditCardViewController.xib */; };
/* End PBXBuildFile section */

/* Begin PBXFileReference section */
		3A40EBF125DB7D83007EF25D /* MonthYearPicker.swift */ = {isa = PBXFileReference; lastKnownFileType = sourcecode.swift; path = MonthYearPicker.swift; sourceTree = "<group>"; };
		3A40EC3D25DE1759007EF25D /* UITextField+Extension.swift */ = {isa = PBXFileReference; lastKnownFileType = sourcecode.swift; path = "UITextField+Extension.swift"; sourceTree = "<group>"; };
		3A49889225D36ED10048DA71 /* TakeMyMoney.app */ = {isa = PBXFileReference; explicitFileType = wrapper.application; includeInIndex = 0; path = TakeMyMoney.app; sourceTree = BUILT_PRODUCTS_DIR; };
		3A49889525D36ED10048DA71 /* AppDelegate.swift */ = {isa = PBXFileReference; lastKnownFileType = sourcecode.swift; path = AppDelegate.swift; sourceTree = "<group>"; };
		3A49889725D36ED10048DA71 /* SceneDelegate.swift */ = {isa = PBXFileReference; lastKnownFileType = sourcecode.swift; path = SceneDelegate.swift; sourceTree = "<group>"; };
		3A49889925D36ED10048DA71 /* PaymentDataViewController.swift */ = {isa = PBXFileReference; lastKnownFileType = sourcecode.swift; path = PaymentDataViewController.swift; sourceTree = "<group>"; };
		3A49889C25D36ED10048DA71 /* Base */ = {isa = PBXFileReference; lastKnownFileType = file.storyboard; name = Base; path = Base.lproj/Main.storyboard; sourceTree = "<group>"; };
		3A49889E25D36ED40048DA71 /* Assets.xcassets */ = {isa = PBXFileReference; lastKnownFileType = folder.assetcatalog; path = Assets.xcassets; sourceTree = "<group>"; };
		3A4988A125D36ED40048DA71 /* Base */ = {isa = PBXFileReference; lastKnownFileType = file.storyboard; name = Base; path = Base.lproj/LaunchScreen.storyboard; sourceTree = "<group>"; };
		3A4988A325D36ED40048DA71 /* Info.plist */ = {isa = PBXFileReference; lastKnownFileType = text.plist.xml; path = Info.plist; sourceTree = "<group>"; };
		3AB8067B25D5D50400B976F2 /* PayPalViewController.swift */ = {isa = PBXFileReference; lastKnownFileType = sourcecode.swift; path = PayPalViewController.swift; sourceTree = "<group>"; };
		3AB8067C25D5D50400B976F2 /* PayPalViewController.xib */ = {isa = PBXFileReference; lastKnownFileType = file.xib; path = PayPalViewController.xib; sourceTree = "<group>"; };
		3AB8068025D5D51B00B976F2 /* CreditCardViewController.swift */ = {isa = PBXFileReference; lastKnownFileType = sourcecode.swift; path = CreditCardViewController.swift; sourceTree = "<group>"; };
		3AB8068125D5D51B00B976F2 /* CreditCardViewController.xib */ = {isa = PBXFileReference; lastKnownFileType = file.xib; path = CreditCardViewController.xib; sourceTree = "<group>"; };
/* End PBXFileReference section */

/* Begin PBXFrameworksBuildPhase section */
		3A49888F25D36ED10048DA71 /* Frameworks */ = {
			isa = PBXFrameworksBuildPhase;
			buildActionMask = 2147483647;
			files = (
			);
			runOnlyForDeploymentPostprocessing = 0;
		};
/* End PBXFrameworksBuildPhase section */

/* Begin PBXGroup section */
		3A40EC3C25DE173E007EF25D /* Helpers */ = {
			isa = PBXGroup;
			children = (
				3A40EC3D25DE1759007EF25D /* UITextField+Extension.swift */,
			);
			path = Helpers;
			sourceTree = "<group>";
		};
		3A49888925D36ED10048DA71 = {
			isa = PBXGroup;
			children = (
				3A49889425D36ED10048DA71 /* TakeMyMoney */,
				3A49889325D36ED10048DA71 /* Products */,
			);
			sourceTree = "<group>";
		};
		3A49889325D36ED10048DA71 /* Products */ = {
			isa = PBXGroup;
			children = (
				3A49889225D36ED10048DA71 /* TakeMyMoney.app */,
			);
			name = Products;
			sourceTree = "<group>";
		};
		3A49889425D36ED10048DA71 /* TakeMyMoney */ = {
			isa = PBXGroup;
			children = (
				3A40EC3C25DE173E007EF25D /* Helpers */,
				3A4988AB25D373390048DA71 /* View */,
				3AB8067925D5D4DC00B976F2 /* Controller */,
				3A49889525D36ED10048DA71 /* AppDelegate.swift */,
				3A49889725D36ED10048DA71 /* SceneDelegate.swift */,
				3A49889B25D36ED10048DA71 /* Main.storyboard */,
				3A49889E25D36ED40048DA71 /* Assets.xcassets */,
				3A4988A025D36ED40048DA71 /* LaunchScreen.storyboard */,
				3A4988A325D36ED40048DA71 /* Info.plist */,
			);
			path = TakeMyMoney;
			sourceTree = "<group>";
		};
		3A4988AB25D373390048DA71 /* View */ = {
			isa = PBXGroup;
			children = (
				3A40EBF125DB7D83007EF25D /* MonthYearPicker.swift */,
			);
			path = View;
			sourceTree = "<group>";
		};
		3AB8067925D5D4DC00B976F2 /* Controller */ = {
			isa = PBXGroup;
			children = (
				3A49889925D36ED10048DA71 /* PaymentDataViewController.swift */,
				3AB8067B25D5D50400B976F2 /* PayPalViewController.swift */,
				3AB8067C25D5D50400B976F2 /* PayPalViewController.xib */,
				3AB8068025D5D51B00B976F2 /* CreditCardViewController.swift */,
				3AB8068125D5D51B00B976F2 /* CreditCardViewController.xib */,
			);
			path = Controller;
			sourceTree = "<group>";
		};
/* End PBXGroup section */

/* Begin PBXNativeTarget section */
		3A49889125D36ED10048DA71 /* TakeMyMoney */ = {
			isa = PBXNativeTarget;
			buildConfigurationList = 3A4988A625D36ED40048DA71 /* Build configuration list for PBXNativeTarget "TakeMyMoney" */;
			buildPhases = (
				3A49888E25D36ED10048DA71 /* Sources */,
				3A49888F25D36ED10048DA71 /* Frameworks */,
				3A49889025D36ED10048DA71 /* Resources */,
			);
			buildRules = (
			);
			dependencies = (
			);
			name = TakeMyMoney;
			productName = TakeMyMoney;
			productReference = 3A49889225D36ED10048DA71 /* TakeMyMoney.app */;
			productType = "com.apple.product-type.application";
		};
/* End PBXNativeTarget section */

/* Begin PBXProject section */
		3A49888A25D36ED10048DA71 /* Project object */ = {
			isa = PBXProject;
			attributes = {
				LastSwiftUpdateCheck = 1230;
				LastUpgradeCheck = 1230;
				TargetAttributes = {
					3A49889125D36ED10048DA71 = {
						CreatedOnToolsVersion = 12.3;
					};
				};
			};
			buildConfigurationList = 3A49888D25D36ED10048DA71 /* Build configuration list for PBXProject "TakeMyMoney" */;
			compatibilityVersion = "Xcode 9.3";
			developmentRegion = en;
			hasScannedForEncodings = 0;
			knownRegions = (
				en,
				Base,
			);
			mainGroup = 3A49888925D36ED10048DA71;
			productRefGroup = 3A49889325D36ED10048DA71 /* Products */;
			projectDirPath = "";
			projectRoot = "";
			targets = (
				3A49889125D36ED10048DA71 /* TakeMyMoney */,
			);
		};
/* End PBXProject section */

/* Begin PBXResourcesBuildPhase section */
		3A49889025D36ED10048DA71 /* Resources */ = {
			isa = PBXResourcesBuildPhase;
			buildActionMask = 2147483647;
			files = (
				3A4988A225D36ED40048DA71 /* LaunchScreen.storyboard in Resources */,
				3A49889F25D36ED40048DA71 /* Assets.xcassets in Resources */,
				3A49889D25D36ED10048DA71 /* Main.storyboard in Resources */,
				3AB8067E25D5D50400B976F2 /* PayPalViewController.xib in Resources */,
				3AB8068325D5D51B00B976F2 /* CreditCardViewController.xib in Resources */,
			);
			runOnlyForDeploymentPostprocessing = 0;
		};
/* End PBXResourcesBuildPhase section */

/* Begin PBXSourcesBuildPhase section */
		3A49888E25D36ED10048DA71 /* Sources */ = {
			isa = PBXSourcesBuildPhase;
			buildActionMask = 2147483647;
			files = (
				3A49889A25D36ED10048DA71 /* PaymentDataViewController.swift in Sources */,
				3A49889625D36ED10048DA71 /* AppDelegate.swift in Sources */,
				3A40EC3E25DE1759007EF25D /* UITextField+Extension.swift in Sources */,
				3A49889825D36ED10048DA71 /* SceneDelegate.swift in Sources */,
				3A40EBF225DB7D83007EF25D /* MonthYearPicker.swift in Sources */,
				3AB8067D25D5D50400B976F2 /* PayPalViewController.swift in Sources */,
				3AB8068225D5D51B00B976F2 /* CreditCardViewController.swift in Sources */,
			);
			runOnlyForDeploymentPostprocessing = 0;
		};
/* End PBXSourcesBuildPhase section */

/* Begin PBXVariantGroup section */
		3A49889B25D36ED10048DA71 /* Main.storyboard */ = {
			isa = PBXVariantGroup;
			children = (
				3A49889C25D36ED10048DA71 /* Base */,
			);
			name = Main.storyboard;
			sourceTree = "<group>";
		};
		3A4988A025D36ED40048DA71 /* LaunchScreen.storyboard */ = {
			isa = PBXVariantGroup;
			children = (
				3A4988A125D36ED40048DA71 /* Base */,
			);
			name = LaunchScreen.storyboard;
			sourceTree = "<group>";
		};
/* End PBXVariantGroup section */

/* Begin XCBuildConfiguration section */
		3A4988A425D36ED40048DA71 /* Debug */ = {
			isa = XCBuildConfiguration;
			buildSettings = {
				ALWAYS_SEARCH_USER_PATHS = NO;
				CLANG_ANALYZER_NONNULL = YES;
				CLANG_ANALYZER_NUMBER_OBJECT_CONVERSION = YES_AGGRESSIVE;
				CLANG_CXX_LANGUAGE_STANDARD = "gnu++14";
				CLANG_CXX_LIBRARY = "libc++";
				CLANG_ENABLE_MODULES = YES;
				CLANG_ENABLE_OBJC_ARC = YES;
				CLANG_ENABLE_OBJC_WEAK = YES;
				CLANG_WARN_BLOCK_CAPTURE_AUTORELEASING = YES;
				CLANG_WARN_BOOL_CONVERSION = YES;
				CLANG_WARN_COMMA = YES;
				CLANG_WARN_CONSTANT_CONVERSION = YES;
				CLANG_WARN_DEPRECATED_OBJC_IMPLEMENTATIONS = YES;
				CLANG_WARN_DIRECT_OBJC_ISA_USAGE = YES_ERROR;
				CLANG_WARN_DOCUMENTATION_COMMENTS = YES;
				CLANG_WARN_EMPTY_BODY = YES;
				CLANG_WARN_ENUM_CONVERSION = YES;
				CLANG_WARN_INFINITE_RECURSION = YES;
				CLANG_WARN_INT_CONVERSION = YES;
				CLANG_WARN_NON_LITERAL_NULL_CONVERSION = YES;
				CLANG_WARN_OBJC_IMPLICIT_RETAIN_SELF = YES;
				CLANG_WARN_OBJC_LITERAL_CONVERSION = YES;
				CLANG_WARN_OBJC_ROOT_CLASS = YES_ERROR;
				CLANG_WARN_QUOTED_INCLUDE_IN_FRAMEWORK_HEADER = YES;
				CLANG_WARN_RANGE_LOOP_ANALYSIS = YES;
				CLANG_WARN_STRICT_PROTOTYPES = YES;
				CLANG_WARN_SUSPICIOUS_MOVE = YES;
				CLANG_WARN_UNGUARDED_AVAILABILITY = YES_AGGRESSIVE;
				CLANG_WARN_UNREACHABLE_CODE = YES;
				CLANG_WARN__DUPLICATE_METHOD_MATCH = YES;
				COPY_PHASE_STRIP = NO;
				DEBUG_INFORMATION_FORMAT = dwarf;
				ENABLE_STRICT_OBJC_MSGSEND = YES;
				ENABLE_TESTABILITY = YES;
				GCC_C_LANGUAGE_STANDARD = gnu11;
				GCC_DYNAMIC_NO_PIC = NO;
				GCC_NO_COMMON_BLOCKS = YES;
				GCC_OPTIMIZATION_LEVEL = 0;
				GCC_PREPROCESSOR_DEFINITIONS = (
					"DEBUG=1",
					"$(inherited)",
				);
				GCC_WARN_64_TO_32_BIT_CONVERSION = YES;
				GCC_WARN_ABOUT_RETURN_TYPE = YES_ERROR;
				GCC_WARN_UNDECLARED_SELECTOR = YES;
				GCC_WARN_UNINITIALIZED_AUTOS = YES_AGGRESSIVE;
				GCC_WARN_UNUSED_FUNCTION = YES;
				GCC_WARN_UNUSED_VARIABLE = YES;
				IPHONEOS_DEPLOYMENT_TARGET = 14.3;
				MTL_ENABLE_DEBUG_INFO = INCLUDE_SOURCE;
				MTL_FAST_MATH = YES;
				ONLY_ACTIVE_ARCH = YES;
				SDKROOT = iphoneos;
				SWIFT_ACTIVE_COMPILATION_CONDITIONS = DEBUG;
				SWIFT_OPTIMIZATION_LEVEL = "-Onone";
			};
			name = Debug;
		};
		3A4988A525D36ED40048DA71 /* Release */ = {
			isa = XCBuildConfiguration;
			buildSettings = {
				ALWAYS_SEARCH_USER_PATHS = NO;
				CLANG_ANALYZER_NONNULL = YES;
				CLANG_ANALYZER_NUMBER_OBJECT_CONVERSION = YES_AGGRESSIVE;
				CLANG_CXX_LANGUAGE_STANDARD = "gnu++14";
				CLANG_CXX_LIBRARY = "libc++";
				CLANG_ENABLE_MODULES = YES;
				CLANG_ENABLE_OBJC_ARC = YES;
				CLANG_ENABLE_OBJC_WEAK = YES;
				CLANG_WARN_BLOCK_CAPTURE_AUTORELEASING = YES;
				CLANG_WARN_BOOL_CONVERSION = YES;
				CLANG_WARN_COMMA = YES;
				CLANG_WARN_CONSTANT_CONVERSION = YES;
				CLANG_WARN_DEPRECATED_OBJC_IMPLEMENTATIONS = YES;
				CLANG_WARN_DIRECT_OBJC_ISA_USAGE = YES_ERROR;
				CLANG_WARN_DOCUMENTATION_COMMENTS = YES;
				CLANG_WARN_EMPTY_BODY = YES;
				CLANG_WARN_ENUM_CONVERSION = YES;
				CLANG_WARN_INFINITE_RECURSION = YES;
				CLANG_WARN_INT_CONVERSION = YES;
				CLANG_WARN_NON_LITERAL_NULL_CONVERSION = YES;
				CLANG_WARN_OBJC_IMPLICIT_RETAIN_SELF = YES;
				CLANG_WARN_OBJC_LITERAL_CONVERSION = YES;
				CLANG_WARN_OBJC_ROOT_CLASS = YES_ERROR;
				CLANG_WARN_QUOTED_INCLUDE_IN_FRAMEWORK_HEADER = YES;
				CLANG_WARN_RANGE_LOOP_ANALYSIS = YES;
				CLANG_WARN_STRICT_PROTOTYPES = YES;
				CLANG_WARN_SUSPICIOUS_MOVE = YES;
				CLANG_WARN_UNGUARDED_AVAILABILITY = YES_AGGRESSIVE;
				CLANG_WARN_UNREACHABLE_CODE = YES;
				CLANG_WARN__DUPLICATE_METHOD_MATCH = YES;
				COPY_PHASE_STRIP = NO;
				DEBUG_INFORMATION_FORMAT = "dwarf-with-dsym";
				ENABLE_NS_ASSERTIONS = NO;
				ENABLE_STRICT_OBJC_MSGSEND = YES;
				GCC_C_LANGUAGE_STANDARD = gnu11;
				GCC_NO_COMMON_BLOCKS = YES;
				GCC_WARN_64_TO_32_BIT_CONVERSION = YES;
				GCC_WARN_ABOUT_RETURN_TYPE = YES_ERROR;
				GCC_WARN_UNDECLARED_SELECTOR = YES;
				GCC_WARN_UNINITIALIZED_AUTOS = YES_AGGRESSIVE;
				GCC_WARN_UNUSED_FUNCTION = YES;
				GCC_WARN_UNUSED_VARIABLE = YES;
				IPHONEOS_DEPLOYMENT_TARGET = 14.3;
				MTL_ENABLE_DEBUG_INFO = NO;
				MTL_FAST_MATH = YES;
				SDKROOT = iphoneos;
				SWIFT_COMPILATION_MODE = wholemodule;
				SWIFT_OPTIMIZATION_LEVEL = "-O";
				VALIDATE_PRODUCT = YES;
			};
			name = Release;
		};
		3A4988A725D36ED40048DA71 /* Debug */ = {
			isa = XCBuildConfiguration;
			buildSettings = {
				ASSETCATALOG_COMPILER_APPICON_NAME = AppIcon;
				ASSETCATALOG_COMPILER_GLOBAL_ACCENT_COLOR_NAME = AccentColor;
				CODE_SIGN_STYLE = Automatic;
				DEVELOPMENT_TEAM = MMSJ2DXRDG;
				INFOPLIST_FILE = TakeMyMoney/Info.plist;
				LD_RUNPATH_SEARCH_PATHS = (
					"$(inherited)",
					"@executable_path/Frameworks",
				);
				PRODUCT_BUNDLE_IDENTIFIER = com.thecoderpilot.TakeMyMoney;
				PRODUCT_NAME = "$(TARGET_NAME)";
				SWIFT_VERSION = 5.0;
				TARGETED_DEVICE_FAMILY = "1,2";
			};
			name = Debug;
		};
		3A4988A825D36ED40048DA71 /* Release */ = {
			isa = XCBuildConfiguration;
			buildSettings = {
				ASSETCATALOG_COMPILER_APPICON_NAME = AppIcon;
				ASSETCATALOG_COMPILER_GLOBAL_ACCENT_COLOR_NAME = AccentColor;
				CODE_SIGN_STYLE = Automatic;
				DEVELOPMENT_TEAM = MMSJ2DXRDG;
				INFOPLIST_FILE = TakeMyMoney/Info.plist;
				LD_RUNPATH_SEARCH_PATHS = (
					"$(inherited)",
					"@executable_path/Frameworks",
				);
				PRODUCT_BUNDLE_IDENTIFIER = com.thecoderpilot.TakeMyMoney;
				PRODUCT_NAME = "$(TARGET_NAME)";
				SWIFT_VERSION = 5.0;
				TARGETED_DEVICE_FAMILY = "1,2";
			};
			name = Release;
		};
/* End XCBuildConfiguration section */

/* Begin XCConfigurationList section */
		3A49888D25D36ED10048DA71 /* Build configuration list for PBXProject "TakeMyMoney" */ = {
			isa = XCConfigurationList;
			buildConfigurations = (
				3A4988A425D36ED40048DA71 /* Debug */,
				3A4988A525D36ED40048DA71 /* Release */,
			);
			defaultConfigurationIsVisible = 0;
			defaultConfigurationName = Release;
		};
		3A4988A625D36ED40048DA71 /* Build configuration list for PBXNativeTarget "TakeMyMoney" */ = {
			isa = XCConfigurationList;
			buildConfigurations = (
				3A4988A725D36ED40048DA71 /* Debug */,
				3A4988A825D36ED40048DA71 /* Release */,
			);
			defaultConfigurationIsVisible = 0;
			defaultConfigurationName = Release;
		};
/* End XCConfigurationList section */
	};
	rootObject = 3A49888A25D36ED10048DA71 /* Project object */;
}
